
Microsoft Visual Studio Solution File, Format Version 12.00
# Visual Studio Version 17
VisualStudioVersion = 17.0.31903.59
MinimumVisualStudioVersion = 10.0.40219.1
Project("{2150E333-8FDC-42A3-9474-1A3956D46DE8}") = "src", "src", "{60AEB81D-E206-456D-A874-DF2A65EDD49A}"
EndProject
Project("{FAE04EC0-301F-11D3-BF4B-00C04F79EFBC}") = "Prismica.Core", "src\Prismica.Core\Prismica.Core.csproj", "{EC50411A-39B5-42BE-9FEA-A923DCA3C9AA}"
EndProject
Project("{FAE04EC0-301F-11D3-BF4B-00C04F79EFBC}") = "Prismica.Infra.Native", "src\Prismica.Infra.Native\Prismica.Infra.Native.csproj", "{E45BF99E-388E-42A2-9DE3-8793E61B2546}"
EndProject
Project("{FAE04EC0-301F-11D3-BF4B-00C04F79EFBC}") = "Prismica.Infra.Wpf", "src\Prismica.Infra.Wpf\Prismica.Infra.Wpf.csproj", "{D155308D-63ED-4126-8729-072C6362D059}"
EndProject
Project("{FAE04EC0-301F-11D3-BF4B-00C04F79EFBC}") = "Prismica.Infra.Embeds", "src\Prismica.Infra.Embeds\Prismica.Infra.Embeds.csproj", "{936F7117-8AD0-4488-86CC-224460F038D7}"
EndProject
Project("{FAE04EC0-301F-11D3-BF4B-00C04F79EFBC}") = "Prismica.Infra.Measures", "src\Prismica.Infra.Measures\Prismica.Infra.Measures.csproj", "{1719DD61-48BB-4A12-A5FC-B8B85F8203EC}"
EndProject
Project("{FAE04EC0-301F-11D3-BF4B-00C04F79EFBC}") = "Prismica.Infra.Meters", "src\Prismica.Infra.Meters\Prismica.Infra.Meters.csproj", "{519B1030-81B0-4BED-AA4A-4C9D6638E71A}"
EndProject
Project("{FAE04EC0-301F-11D3-BF4B-00C04F79EFBC}") = "Prismica.App", "src\Prismica.App\Prismica.App.csproj", "{8B5D90FD-E126-43B1-A981-8EF763D7F3D3}"
EndProject
Project("{FAE04EC0-301F-11D3-BF4B-00C04F79EFBC}") = "Prismica.Ui", "src\Prismica.Ui\Prismica.Ui.csproj", "{3A688D6B-0561-40EE-9D29-C5941608E6AF}"
EndProject
Project("{FAE04EC0-301F-11D3-BF4B-00C04F79EFBC}") = "Prismica.Desktop", "src\Prismica.Desktop\Prismica.Desktop.csproj", "{D27F5EAA-155D-4DA3-B25B-E35C06299498}"
EndProject
Project("{FAE04EC0-301F-11D3-BF4B-00C04F79EFBC}") = "Prismica.Studio", "src\Prismica.Studio\Prismica.Studio.csproj", "{74B21C25-753C-4DAB-8D68-C7E564F9E683}"
EndProject
Project("{2150E333-8FDC-42A3-9474-1A3956D46DE8}") = "tests", "tests", "{E9582F66-4D74-4A1F-9369-C3F81FEA1D65}"
EndProject
Project("{FAE04EC0-301F-11D3-BF4B-00C04F79EFBC}") = "Prismica.Core.Tests", "tests\Prismica.Core.Tests\Prismica.Core.Tests.csproj", "{9089BD61-7193-4B89-A525-21D706794A17}"
EndProject
Project("{FAE04EC0-301F-11D3-BF4B-00C04F79EFBC}") = "Prismica.Infra.Tests", "tests\Prismica.Infra.Tests\Prismica.Infra.Tests.csproj", "{794C0217-829F-4370-B76D-651510EFE822}"
EndProject
Global
	GlobalSection(SolutionConfigurationPlatforms) = preSolution
		Debug|Any CPU = Debug|Any CPU
		Release|Any CPU = Release|Any CPU
	EndGlobalSection
	GlobalSection(SolutionProperties) = preSolution
		HideSolutionNode = FALSE
	EndGlobalSection
	GlobalSection(ProjectConfigurationPlatforms) = postSolution
		{EC50411A-39B5-42BE-9FEA-A923DCA3C9AA}.Debug|Any CPU.ActiveCfg = Debug|Any CPU
		{EC50411A-39B5-42BE-9FEA-A923DCA3C9AA}.Debug|Any CPU.Build.0 = Debug|Any CPU
		{EC50411A-39B5-42BE-9FEA-A923DCA3C9AA}.Release|Any CPU.ActiveCfg = Release|Any CPU
		{EC50411A-39B5-42BE-9FEA-A923DCA3C9AA}.Release|Any CPU.Build.0 = Release|Any CPU
		{E45BF99E-388E-42A2-9DE3-8793E61B2546}.Debug|Any CPU.ActiveCfg = Debug|Any CPU
		{E45BF99E-388E-42A2-9DE3-8793E61B2546}.Debug|Any CPU.Build.0 = Debug|Any CPU
		{E45BF99E-388E-42A2-9DE3-8793E61B2546}.Release|Any CPU.ActiveCfg = Release|Any CPU
		{E45BF99E-388E-42A2-9DE3-8793E61B2546}.Release|Any CPU.Build.0 = Release|Any CPU
		{D155308D-63ED-4126-8729-072C6362D059}.Debug|Any CPU.ActiveCfg = Debug|Any CPU
		{D155308D-63ED-4126-8729-072C6362D059}.Debug|Any CPU.Build.0 = Debug|Any CPU
		{D155308D-63ED-4126-8729-072C6362D059}.Release|Any CPU.ActiveCfg = Release|Any CPU
		{D155308D-63ED-4126-8729-072C6362D059}.Release|Any CPU.Build.0 = Release|Any CPU
		{936F7117-8AD0-4488-86CC-224460F038D7}.Debug|Any CPU.ActiveCfg = Debug|Any CPU
		{936F7117-8AD0-4488-86CC-224460F038D7}.Debug|Any CPU.Build.0 = Debug|Any CPU
		{936F7117-8AD0-4488-86CC-224460F038D7}.Release|Any CPU.ActiveCfg = Release|Any CPU
		{936F7117-8AD0-4488-86CC-224460F038D7}.Release|Any CPU.Build.0 = Release|Any CPU
		{1719DD61-48BB-4A12-A5FC-B8B85F8203EC}.Debug|Any CPU.ActiveCfg = Debug|Any CPU
		{1719DD61-48BB-4A12-A5FC-B8B85F8203EC}.Debug|Any CPU.Build.0 = Debug|Any CPU
		{1719DD61-48BB-4A12-A5FC-B8B85F8203EC}.Release|Any CPU.ActiveCfg = Release|Any CPU
		{1719DD61-48BB-4A12-A5FC-B8B85F8203EC}.Release|Any CPU.Build.0 = Release|Any CPU
		{519B1030-81B0-4BED-AA4A-4C9D6638E71A}.Debug|Any CPU.ActiveCfg = Debug|Any CPU
		{519B1030-81B0-4BED-AA4A-4C9D6638E71A}.Debug|Any CPU.Build.0 = Debug|Any CPU
		{519B1030-81B0-4BED-AA4A-4C9D6638E71A}.Release|Any CPU.ActiveCfg = Release|Any CPU
		{519B1030-81B0-4BED-AA4A-4C9D6638E71A}.Release|Any CPU.Build.0 = Release|Any CPU
		{8B5D90FD-E126-43B1-A981-8EF763D7F3D3}.Debug|Any CPU.ActiveCfg = Debug|Any CPU
		{8B5D90FD-E126-43B1-A981-8EF763D7F3D3}.Debug|Any CPU.Build.0 = Debug|Any CPU
		{8B5D90FD-E126-43B1-A981-8EF763D7F3D3}.Release|Any CPU.ActiveCfg = Release|Any CPU
		{8B5D90FD-E126-43B1-A981-8EF763D7F3D3}.Release|Any CPU.Build.0 = Release|Any CPU
		{3A688D6B-0561-40EE-9D29-C5941608E6AF}.Debug|Any CPU.ActiveCfg = Debug|Any CPU
		{3A688D6B-0561-40EE-9D29-C5941608E6AF}.Debug|Any CPU.Build.0 = Debug|Any CPU
		{3A688D6B-0561-40EE-9D29-C5941608E6AF}.Release|Any CPU.ActiveCfg = Release|Any CPU
		{3A688D6B-0561-40EE-9D29-C5941608E6AF}.Release|Any CPU.Build.0 = Release|Any CPU
		{D27F5EAA-155D-4DA3-B25B-E35C06299498}.Debug|Any CPU.ActiveCfg = Debug|Any CPU
		{D27F5EAA-155D-4DA3-B25B-E35C06299498}.Debug|Any CPU.Build.0 = Debug|Any CPU
		{D27F5EAA-155D-4DA3-B25B-E35C06299498}.Release|Any CPU.ActiveCfg = Release|Any CPU
		{D27F5EAA-155D-4DA3-B25B-E35C06299498}.Release|Any CPU.Build.0 = Release|Any CPU
		{74B21C25-753C-4DAB-8D68-C7E564F9E683}.Debug|Any CPU.ActiveCfg = Debug|Any CPU
		{74B21C25-753C-4DAB-8D68-C7E564F9E683}.Debug|Any CPU.Build.0 = Debug|Any CPU
		{74B21C25-753C-4DAB-8D68-C7E564F9E683}.Release|Any CPU.ActiveCfg = Release|Any CPU
		{74B21C25-753C-4DAB-8D68-C7E564F9E683}.Release|Any CPU.Build.0 = Release|Any CPU
		{9089BD61-7193-4B89-A525-21D706794A17}.Debug|Any CPU.ActiveCfg = Debug|Any CPU
		{9089BD61-7193-4B89-A525-21D706794A17}.Debug|Any CPU.Build.0 = Debug|Any CPU
		{9089BD61-7193-4B89-A525-21D706794A17}.Release|Any CPU.ActiveCfg = Release|Any CPU
		{9089BD61-7193-4B89-A525-21D706794A17}.Release|Any CPU.Build.0 = Release|Any CPU
		{794C0217-829F-4370-B76D-651510EFE822}.Debug|Any CPU.ActiveCfg = Debug|Any CPU
		{794C0217-829F-4370-B76D-651510EFE822}.Debug|Any CPU.Build.0 = Debug|Any CPU
		{794C0217-829F-4370-B76D-651510EFE822}.Release|Any CPU.ActiveCfg = Release|Any CPU
		{794C0217-829F-4370-B76D-651510EFE822}.Release|Any CPU.Build.0 = Release|Any CPU
	EndGlobalSection
	GlobalSection(NestedProjects) = preSolution
		{EC50411A-39B5-42BE-9FEA-A923DCA3C9AA} = {60AEB81D-E206-456D-A874-DF2A65EDD49A}
		{E45BF99E-388E-42A2-9DE3-8793E61B2546} = {60AEB81D-E206-456D-A874-DF2A65EDD49A}
		{D155308D-63ED-4126-8729-072C6362D059} = {60AEB81D-E206-456D-A874-DF2A65EDD49A}
		{936F7117-8AD0-4488-86CC-224460F038D7} = {60AEB81D-E206-456D-A874-DF2A65EDD49A}
		{1719DD61-48BB-4A12-A5FC-B8B85F8203EC} = {60AEB81D-E206-456D-A874-DF2A65EDD49A}
		{519B1030-81B0-4BED-AA4A-4C9D6638E71A} = {60AEB81D-E206-456D-A874-DF2A65EDD49A}
		{8B5D90FD-E126-43B1-A981-8EF763D7F3D3} = {60AEB81D-E206-456D-A874-DF2A65EDD49A}
		{3A688D6B-0561-40EE-9D29-C5941608E6AF} = {60AEB81D-E206-456D-A874-DF2A65EDD49A}
		{D27F5EAA-155D-4DA3-B25B-E35C06299498} = {60AEB81D-E206-456D-A874-DF2A65EDD49A}
		{74B21C25-753C-4DAB-8D68-C7E564F9E683} = {60AEB81D-E206-456D-A874-DF2A65EDD49A}
		{9089BD61-7193-4B89-A525-21D706794A17} = {E9582F66-4D74-4A1F-9369-C3F81FEA1D65}
		{794C0217-829F-4370-B76D-651510EFE822} = {E9582F66-4D74-4A1F-9369-C3F81FEA1D65}
	EndGlobalSection
EndGlobal
